
Microsoft Visual Studio Solution File, Format Version 12.00
# Visual Studio 15
VisualStudioVersion = 15.0.28010.2003
MinimumVisualStudioVersion = 10.0.40219.1
Project("{FAE04EC0-301F-11D3-BF4B-00C04F79EFBC}") = "SportsStore.WebUI", "SportsStore.WebUI\SportsStore.WebUI.csproj", "{B1AB090C-9CA9-44B8-9FE7-2A2A7C21538C}"
EndProject
Project("{FAE04EC0-301F-11D3-BF4B-00C04F79EFBC}") = "SportsStore.UnitTests", "SportsStore.UnitTests\SportsStore.UnitTests.csproj", "{C14FB362-D2F8-497F-B78F-1D94825913F1}"
EndProject
Project("{FAE04EC0-301F-11D3-BF4B-00C04F79EFBC}") = "SportsStore.Domain", "SportsStore.Domain\SportsStore.Domain.csproj", "{663A603E-DAE3-4495-B78B-399F5C4DF557}"
EndProject
Global
	GlobalSection(SolutionConfigurationPlatforms) = preSolution
		Debug|Any CPU = Debug|Any CPU
		Release|Any CPU = Release|Any CPU
	EndGlobalSection
	GlobalSection(ProjectConfigurationPlatforms) = postSolution
		{B1AB090C-9CA9-44B8-9FE7-2A2A7C21538C}.Debug|Any CPU.ActiveCfg = Debug|Any CPU
		{B1AB090C-9CA9-44B8-9FE7-2A2A7C21538C}.Debug|Any CPU.Build.0 = Debug|Any CPU
		{B1AB090C-9CA9-44B8-9FE7-2A2A7C21538C}.Release|Any CPU.ActiveCfg = Release|Any CPU
		{B1AB090C-9CA9-44B8-9FE7-2A2A7C21538C}.Release|Any CPU.Build.0 = Release|Any CPU
		{C14FB362-D2F8-497F-B78F-1D94825913F1}.Debug|Any CPU.ActiveCfg = Debug|Any CPU
		{C14FB362-D2F8-497F-B78F-1D94825913F1}.Debug|Any CPU.Build.0 = Debug|Any CPU
		{C14FB362-D2F8-497F-B78F-1D94825913F1}.Release|Any CPU.ActiveCfg = Release|Any CPU
		{C14FB362-D2F8-497F-B78F-1D94825913F1}.Release|Any CPU.Build.0 = Release|Any CPU
		{663A603E-DAE3-4495-B78B-399F5C4DF557}.Debug|Any CPU.ActiveCfg = Debug|Any CPU
		{663A603E-DAE3-4495-B78B-399F5C4DF557}.Debug|Any CPU.Build.0 = Debug|Any CPU
		{663A603E-DAE3-4495-B78B-399F5C4DF557}.Release|Any CPU.ActiveCfg = Release|Any CPU
		{663A603E-DAE3-4495-B78B-399F5C4DF557}.Release|Any CPU.Build.0 = Release|Any CPU
	EndGlobalSection
	GlobalSection(SolutionProperties) = preSolution
		HideSolutionNode = FALSE
	EndGlobalSection
	GlobalSection(ExtensibilityGlobals) = postSolution
		SolutionGuid = {142F9A35-B984-43A2-8B5F-6C904B81AE7D}
	EndGlobalSection
EndGlobal
